
Microsoft Visual Studio Solution File, Format Version 12.00
Project("{2150E333-8FDC-42A3-9474-1A3956D46DE8}") = "src", "src", "{BDF7B6A4-B549-4359-9CCD-AD7F44FF9BAB}"
	ProjectSection(SolutionItems) = preProject
		src\.gitignore = src\.gitignore
	EndProjectSection
EndProject
Project("{2150E333-8FDC-42A3-9474-1A3956D46DE8}") = "Application", "Application", "{9118530E-E2AF-4B9C-9FA5-345222A7C364}"
EndProject
Project("{2150E333-8FDC-42A3-9474-1A3956D46DE8}") = "Client", "Client", "{97056438-BE53-491E-983C-13AFC6036A4B}"
EndProject
Project("{2150E333-8FDC-42A3-9474-1A3956D46DE8}") = "Infrastructure", "Infrastructure", "{F16AA26F-AE60-4E2B-A01B-DF2F719BA995}"
EndProject
Project("{2150E333-8FDC-42A3-9474-1A3956D46DE8}") = "Domain", "Domain", "{7EC21CEB-85FB-4E4F-B858-26AD8F7AAFF3}"
EndProject
Project("{2150E333-8FDC-42A3-9474-1A3956D46DE8}") = "SurveyApp.DataTransferObjects", "SurveyApp.DataTransferObjects", "{97063C27-124B-4EC6-BB7A-0E0C2A8CFD7D}"
EndProject
Project("{2150E333-8FDC-42A3-9474-1A3956D46DE8}") = "SurveyApp.Services", "SurveyApp.Services", "{748BFF13-E334-4531-9F72-F65AEA2691E5}"
EndProject
Project("{2150E333-8FDC-42A3-9474-1A3956D46DE8}") = "SurveyApp.Mvc", "SurveyApp.Mvc", "{A583A7B6-1CC9-496C-BFE5-D426BA1E72BC}"
EndProject
Project("{2150E333-8FDC-42A3-9474-1A3956D46DE8}") = "SurveyApp.Entities", "SurveyApp.Entities", "{5C0A8AE6-74F9-4E5D-A1E7-381A196AD5EA}"
EndProject
Project("{2150E333-8FDC-42A3-9474-1A3956D46DE8}") = "SurveyApp.Infrastructure", "SurveyApp.Infrastructure", "{6942B876-304A-4BC7-BDD5-8B8176F51407}"
EndProject
Project("{FAE04EC0-301F-11D3-BF4B-00C04F79EFBC}") = "SurveyApp.DataTransferObjects", "src\Application\SurveyApp.DataTransferObjects\SurveyApp.DataTransferObjects\SurveyApp.DataTransferObjects.csproj", "{D8000988-4430-4135-9214-BD47A29D0AAC}"
EndProject
Project("{FAE04EC0-301F-11D3-BF4B-00C04F79EFBC}") = "SurveyApp.Services", "src\Application\SurveyApp.Services\SurveyApp.Services\SurveyApp.Services.csproj", "{F83C730E-39B1-4649-91E0-6F265D137308}"
EndProject
Project("{FAE04EC0-301F-11D3-BF4B-00C04F79EFBC}") = "SurveyApp.Entities", "src\Domain\SurveyApp.Entities\SurveyApp.Entities\SurveyApp.Entities.csproj", "{F477AD40-605B-4638-84CD-4C00C691A995}"
EndProject
Project("{FAE04EC0-301F-11D3-BF4B-00C04F79EFBC}") = "SurveyApp.Infrastructure", "src\Infrastructure\SurveyApp.Infrastructure\SurveyApp.Infrastructure\SurveyApp.Infrastructure.csproj", "{03249A72-2C41-471C-80C8-59FDEDE2D68E}"
EndProject
Project("{FAE04EC0-301F-11D3-BF4B-00C04F79EFBC}") = "SurveyApp.Mvc", "src\Client\SurveyApp.Mvc\SurveyApp.Mvc\SurveyApp.Mvc.csproj", "{059EEDD3-3247-4F58-80EE-AF2B0D55D100}"
EndProject
Global
	GlobalSection(SolutionConfigurationPlatforms) = preSolution
		Debug|Any CPU = Debug|Any CPU
		Release|Any CPU = Release|Any CPU
	EndGlobalSection
	GlobalSection(NestedProjects) = preSolution
		{9118530E-E2AF-4B9C-9FA5-345222A7C364} = {BDF7B6A4-B549-4359-9CCD-AD7F44FF9BAB}
		{97056438-BE53-491E-983C-13AFC6036A4B} = {BDF7B6A4-B549-4359-9CCD-AD7F44FF9BAB}
		{F16AA26F-AE60-4E2B-A01B-DF2F719BA995} = {BDF7B6A4-B549-4359-9CCD-AD7F44FF9BAB}
		{7EC21CEB-85FB-4E4F-B858-26AD8F7AAFF3} = {BDF7B6A4-B549-4359-9CCD-AD7F44FF9BAB}
		{97063C27-124B-4EC6-BB7A-0E0C2A8CFD7D} = {9118530E-E2AF-4B9C-9FA5-345222A7C364}
		{748BFF13-E334-4531-9F72-F65AEA2691E5} = {9118530E-E2AF-4B9C-9FA5-345222A7C364}
		{A583A7B6-1CC9-496C-BFE5-D426BA1E72BC} = {97056438-BE53-491E-983C-13AFC6036A4B}
		{5C0A8AE6-74F9-4E5D-A1E7-381A196AD5EA} = {7EC21CEB-85FB-4E4F-B858-26AD8F7AAFF3}
		{6942B876-304A-4BC7-BDD5-8B8176F51407} = {F16AA26F-AE60-4E2B-A01B-DF2F719BA995}
		{D8000988-4430-4135-9214-BD47A29D0AAC} = {97063C27-124B-4EC6-BB7A-0E0C2A8CFD7D}
		{F83C730E-39B1-4649-91E0-6F265D137308} = {748BFF13-E334-4531-9F72-F65AEA2691E5}
		{F477AD40-605B-4638-84CD-4C00C691A995} = {5C0A8AE6-74F9-4E5D-A1E7-381A196AD5EA}
		{03249A72-2C41-471C-80C8-59FDEDE2D68E} = {6942B876-304A-4BC7-BDD5-8B8176F51407}
		{059EEDD3-3247-4F58-80EE-AF2B0D55D100} = {A583A7B6-1CC9-496C-BFE5-D426BA1E72BC}
	EndGlobalSection
	GlobalSection(ProjectConfigurationPlatforms) = postSolution
		{D8000988-4430-4135-9214-BD47A29D0AAC}.Debug|Any CPU.ActiveCfg = Debug|Any CPU
		{D8000988-4430-4135-9214-BD47A29D0AAC}.Debug|Any CPU.Build.0 = Debug|Any CPU
		{D8000988-4430-4135-9214-BD47A29D0AAC}.Release|Any CPU.ActiveCfg = Release|Any CPU
		{D8000988-4430-4135-9214-BD47A29D0AAC}.Release|Any CPU.Build.0 = Release|Any CPU
		{F83C730E-39B1-4649-91E0-6F265D137308}.Debug|Any CPU.ActiveCfg = Debug|Any CPU
		{F83C730E-39B1-4649-91E0-6F265D137308}.Debug|Any CPU.Build.0 = Debug|Any CPU
		{F83C730E-39B1-4649-91E0-6F265D137308}.Release|Any CPU.ActiveCfg = Release|Any CPU
		{F83C730E-39B1-4649-91E0-6F265D137308}.Release|Any CPU.Build.0 = Release|Any CPU
		{F477AD40-605B-4638-84CD-4C00C691A995}.Debug|Any CPU.ActiveCfg = Debug|Any CPU
		{F477AD40-605B-4638-84CD-4C00C691A995}.Debug|Any CPU.Build.0 = Debug|Any CPU
		{F477AD40-605B-4638-84CD-4C00C691A995}.Release|Any CPU.ActiveCfg = Release|Any CPU
		{F477AD40-605B-4638-84CD-4C00C691A995}.Release|Any CPU.Build.0 = Release|Any CPU
		{03249A72-2C41-471C-80C8-59FDEDE2D68E}.Debug|Any CPU.ActiveCfg = Debug|Any CPU
		{03249A72-2C41-471C-80C8-59FDEDE2D68E}.Debug|Any CPU.Build.0 = Debug|Any CPU
		{03249A72-2C41-471C-80C8-59FDEDE2D68E}.Release|Any CPU.ActiveCfg = Release|Any CPU
		{03249A72-2C41-471C-80C8-59FDEDE2D68E}.Release|Any CPU.Build.0 = Release|Any CPU
		{059EEDD3-3247-4F58-80EE-AF2B0D55D100}.Debug|Any CPU.ActiveCfg = Debug|Any CPU
		{059EEDD3-3247-4F58-80EE-AF2B0D55D100}.Debug|Any CPU.Build.0 = Debug|Any CPU
		{059EEDD3-3247-4F58-80EE-AF2B0D55D100}.Release|Any CPU.ActiveCfg = Release|Any CPU
		{059EEDD3-3247-4F58-80EE-AF2B0D55D100}.Release|Any CPU.Build.0 = Release|Any CPU
	EndGlobalSection
EndGlobal
